
Microsoft Visual Studio Solution File, Format Version 12.00
# Visual Studio Version 17
VisualStudioVersion = 17.13.35818.85 d17.13
MinimumVisualStudioVersion = 10.0.40219.1
Project("{FAE04EC0-301F-11D3-BF4B-00C04F79EFBC}") = "ControlFlowExercise3", "ControlFlowExercise3\ControlFlowExercise3.csproj", "{752BB523-7EC1-40E2-9DA0-A23E136751B6}"
EndProject
Global
	GlobalSection(SolutionConfigurationPlatforms) = preSolution
		Debug|Any CPU = Debug|Any CPU
		Release|Any CPU = Release|Any CPU
	EndGlobalSection
	GlobalSection(ProjectConfigurationPlatforms) = postSolution
		{752BB523-7EC1-40E2-9DA0-A23E136751B6}.Debug|Any CPU.ActiveCfg = Debug|Any CPU
		{752BB523-7EC1-40E2-9DA0-A23E136751B6}.Debug|Any CPU.Build.0 = Debug|Any CPU
		{752BB523-7EC1-40E2-9DA0-A23E136751B6}.Release|Any CPU.ActiveCfg = Release|Any CPU
		{752BB523-7EC1-40E2-9DA0-A23E136751B6}.Release|Any CPU.Build.0 = Release|Any CPU
	EndGlobalSection
	GlobalSection(SolutionProperties) = preSolution
		HideSolutionNode = FALSE
	EndGlobalSection
	GlobalSection(ExtensibilityGlobals) = postSolution
		SolutionGuid = {E594D1BE-9D44-4809-8A4F-ECE76B756AED}
	EndGlobalSection
EndGlobal
